
Microsoft Visual Studio Solution File, Format Version 12.00
# Visual Studio 14
VisualStudioVersion = 14.0.25420.1
MinimumVisualStudioVersion = 10.0.40219.1
Project("{8BC9CEB8-8B4A-11D0-8D11-00A0C91BC942}") = "AMFC9_1", "AMFC9_1\AMFC9_1.vcxproj", "{11ACACB2-A0A1-4328-9D2C-F734F8DAAC1D}"
EndProject
Project("{8BC9CEB8-8B4A-11D0-8D11-00A0C91BC942}") = "DLG9_1", "DLG9_1\DLG9_1.vcxproj", "{9EAFDE5D-9304-4C0B-8A0C-8545E1189B9D}"
EndProject
Global
	GlobalSection(SolutionConfigurationPlatforms) = preSolution
		Debug|x64 = Debug|x64
		Debug|x86 = Debug|x86
		Release|x64 = Release|x64
		Release|x86 = Release|x86
	EndGlobalSection
	GlobalSection(ProjectConfigurationPlatforms) = postSolution
		{11ACACB2-A0A1-4328-9D2C-F734F8DAAC1D}.Debug|x64.ActiveCfg = Debug|x64
		{11ACACB2-A0A1-4328-9D2C-F734F8DAAC1D}.Debug|x64.Build.0 = Debug|x64
		{11ACACB2-A0A1-4328-9D2C-F734F8DAAC1D}.Debug|x86.ActiveCfg = Debug|Win32
		{11ACACB2-A0A1-4328-9D2C-F734F8DAAC1D}.Debug|x86.Build.0 = Debug|Win32
		{11ACACB2-A0A1-4328-9D2C-F734F8DAAC1D}.Release|x64.ActiveCfg = Release|x64
		{11ACACB2-A0A1-4328-9D2C-F734F8DAAC1D}.Release|x64.Build.0 = Release|x64
		{11ACACB2-A0A1-4328-9D2C-F734F8DAAC1D}.Release|x86.ActiveCfg = Release|Win32
		{11ACACB2-A0A1-4328-9D2C-F734F8DAAC1D}.Release|x86.Build.0 = Release|Win32
		{9EAFDE5D-9304-4C0B-8A0C-8545E1189B9D}.Debug|x64.ActiveCfg = Debug|x64
		{9EAFDE5D-9304-4C0B-8A0C-8545E1189B9D}.Debug|x64.Build.0 = Debug|x64
		{9EAFDE5D-9304-4C0B-8A0C-8545E1189B9D}.Debug|x86.ActiveCfg = Debug|Win32
		{9EAFDE5D-9304-4C0B-8A0C-8545E1189B9D}.Debug|x86.Build.0 = Debug|Win32
		{9EAFDE5D-9304-4C0B-8A0C-8545E1189B9D}.Release|x64.ActiveCfg = Release|x64
		{9EAFDE5D-9304-4C0B-8A0C-8545E1189B9D}.Release|x64.Build.0 = Release|x64
		{9EAFDE5D-9304-4C0B-8A0C-8545E1189B9D}.Release|x86.ActiveCfg = Release|Win32
		{9EAFDE5D-9304-4C0B-8A0C-8545E1189B9D}.Release|x86.Build.0 = Release|Win32
	EndGlobalSection
	GlobalSection(SolutionProperties) = preSolution
		HideSolutionNode = FALSE
	EndGlobalSection
EndGlobal
